
Microsoft Visual Studio Solution File, Format Version 12.00
# Visual Studio 2012
Project("{8BC9CEB8-8B4A-11D0-8D11-00A0C91BC942}") = "pa5help", "pa5help\pa5help.vcxproj", "{7060437B-770F-4E44-B4D8-22D7C487542B}"
EndProject
Global
	GlobalSection(SolutionConfigurationPlatforms) = preSolution
		Debug|Win32 = Debug|Win32
		Release|Win32 = Release|Win32
	EndGlobalSection
	GlobalSection(ProjectConfigurationPlatforms) = postSolution
		{7060437B-770F-4E44-B4D8-22D7C487542B}.Debug|Win32.ActiveCfg = Debug|Win32
		{7060437B-770F-4E44-B4D8-22D7C487542B}.Debug|Win32.Build.0 = Debug|Win32
		{7060437B-770F-4E44-B4D8-22D7C487542B}.Release|Win32.ActiveCfg = Release|Win32
		{7060437B-770F-4E44-B4D8-22D7C487542B}.Release|Win32.Build.0 = Release|Win32
	EndGlobalSection
	GlobalSection(SolutionProperties) = preSolution
		HideSolutionNode = FALSE
	EndGlobalSection
EndGlobal
