
Microsoft Visual Studio Solution File, Format Version 12.00
# Visual Studio 2012
Project("{8BC9CEB8-8B4A-11D0-8D11-00A0C91BC942}") = "lab14", "lab14\lab14.vcxproj", "{542AC21C-ECE8-4CD8-A30F-14E7D42A6F00}"
EndProject
Global
	GlobalSection(SolutionConfigurationPlatforms) = preSolution
		Debug|Win32 = Debug|Win32
		Release|Win32 = Release|Win32
	EndGlobalSection
	GlobalSection(ProjectConfigurationPlatforms) = postSolution
		{542AC21C-ECE8-4CD8-A30F-14E7D42A6F00}.Debug|Win32.ActiveCfg = Debug|Win32
		{542AC21C-ECE8-4CD8-A30F-14E7D42A6F00}.Debug|Win32.Build.0 = Debug|Win32
		{542AC21C-ECE8-4CD8-A30F-14E7D42A6F00}.Release|Win32.ActiveCfg = Release|Win32
		{542AC21C-ECE8-4CD8-A30F-14E7D42A6F00}.Release|Win32.Build.0 = Release|Win32
	EndGlobalSection
	GlobalSection(SolutionProperties) = preSolution
		HideSolutionNode = FALSE
	EndGlobalSection
EndGlobal
