
Microsoft Visual Studio Solution File, Format Version 12.00
# Visual Studio 2012
Project("{8BC9CEB8-8B4A-11D0-8D11-00A0C91BC942}") = "lecturenotessept22", "lecturenotessept22\lecturenotessept22.vcxproj", "{2CEB31E7-2DAA-445B-8DFF-27A2B8F4A35B}"
EndProject
Global
	GlobalSection(SolutionConfigurationPlatforms) = preSolution
		Debug|Win32 = Debug|Win32
		Release|Win32 = Release|Win32
	EndGlobalSection
	GlobalSection(ProjectConfigurationPlatforms) = postSolution
		{2CEB31E7-2DAA-445B-8DFF-27A2B8F4A35B}.Debug|Win32.ActiveCfg = Debug|Win32
		{2CEB31E7-2DAA-445B-8DFF-27A2B8F4A35B}.Debug|Win32.Build.0 = Debug|Win32
		{2CEB31E7-2DAA-445B-8DFF-27A2B8F4A35B}.Release|Win32.ActiveCfg = Release|Win32
		{2CEB31E7-2DAA-445B-8DFF-27A2B8F4A35B}.Release|Win32.Build.0 = Release|Win32
	EndGlobalSection
	GlobalSection(SolutionProperties) = preSolution
		HideSolutionNode = FALSE
	EndGlobalSection
EndGlobal
