
Microsoft Visual Studio Solution File, Format Version 12.00
# Visual Studio 2012
Project("{8BC9CEB8-8B4A-11D0-8D11-00A0C91BC942}") = "lab13", "lab13\lab13.vcxproj", "{BEAECBC7-1AF2-4ED4-9C86-240A6967357A}"
EndProject
Global
	GlobalSection(SolutionConfigurationPlatforms) = preSolution
		Debug|Win32 = Debug|Win32
		Release|Win32 = Release|Win32
	EndGlobalSection
	GlobalSection(ProjectConfigurationPlatforms) = postSolution
		{BEAECBC7-1AF2-4ED4-9C86-240A6967357A}.Debug|Win32.ActiveCfg = Debug|Win32
		{BEAECBC7-1AF2-4ED4-9C86-240A6967357A}.Debug|Win32.Build.0 = Debug|Win32
		{BEAECBC7-1AF2-4ED4-9C86-240A6967357A}.Release|Win32.ActiveCfg = Release|Win32
		{BEAECBC7-1AF2-4ED4-9C86-240A6967357A}.Release|Win32.Build.0 = Release|Win32
	EndGlobalSection
	GlobalSection(SolutionProperties) = preSolution
		HideSolutionNode = FALSE
	EndGlobalSection
EndGlobal
