
Microsoft Visual Studio Solution File, Format Version 12.00
# Visual Studio 2012
Project("{8BC9CEB8-8B4A-11D0-8D11-00A0C91BC942}") = "bubblesort", "bubblesort\bubblesort.vcxproj", "{3FC8FF7F-9D8F-407C-94C1-3213BC06BC54}"
EndProject
Global
	GlobalSection(SolutionConfigurationPlatforms) = preSolution
		Debug|Win32 = Debug|Win32
		Release|Win32 = Release|Win32
	EndGlobalSection
	GlobalSection(ProjectConfigurationPlatforms) = postSolution
		{3FC8FF7F-9D8F-407C-94C1-3213BC06BC54}.Debug|Win32.ActiveCfg = Debug|Win32
		{3FC8FF7F-9D8F-407C-94C1-3213BC06BC54}.Debug|Win32.Build.0 = Debug|Win32
		{3FC8FF7F-9D8F-407C-94C1-3213BC06BC54}.Release|Win32.ActiveCfg = Release|Win32
		{3FC8FF7F-9D8F-407C-94C1-3213BC06BC54}.Release|Win32.Build.0 = Release|Win32
	EndGlobalSection
	GlobalSection(SolutionProperties) = preSolution
		HideSolutionNode = FALSE
	EndGlobalSection
EndGlobal
